{
  "name": "web-381-project",
  "version": "1.0.0",
  "lockfileVersion": 2,
  "requires": true,
  "packages": {
    "": {
      "name": "web-381-project",
      "version": "1.0.0",
      "license": "ISC",
      "dependencies": {
        "console-menu": "^0.1.0"
      }
    },
    "node_modules/console-menu": {
      "version": "0.1.0",
      "resolved": "https://registry.npmjs.org/console-menu/-/console-menu-0.1.0.tgz",
      "integrity": "sha1-Zbqm2/OuoMFdmd3zAuQLvD1d8z4=",
      "dependencies": {
        "keypress": "^0.2.1"
      }
    },
    "node_modules/keypress": {
      "version": "0.2.1",
      "resolved": "https://registry.npmjs.org/keypress/-/keypress-0.2.1.tgz",
      "integrity": "sha1-HoBFQlABjbrUw/6USX1uZ7YmnHc="
    }
  },
  "dependencies": {
    "console-menu": {
      "version": "0.1.0",
      "resolved": "https://registry.npmjs.org/console-menu/-/console-menu-0.1.0.tgz",
      "integrity": "sha1-Zbqm2/OuoMFdmd3zAuQLvD1d8z4=",
      "requires": {
        "keypress": "^0.2.1"
      }
    },
    "keypress": {
      "version": "0.2.1",
      "resolved": "https://registry.npmjs.org/keypress/-/keypress-0.2.1.tgz",
      "integrity": "sha1-HoBFQlABjbrUw/6USX1uZ7YmnHc="
    }
  }
}
